// !$*UTF8*$!
{
	archiveVersion = 1;
	classes = {
	};
	objectVersion = 55;
	objects = {

/* Begin PBXBuildFile section */
		061D286028193C3E002F520D /* PresentTransition.swift in Sources */ = {isa = PBXBuildFile; fileRef = 061D285F28193C3E002F520D /* PresentTransition.swift */; };
		063F10A1280D985F00F7180F /* AppDelegate.swift in Sources */ = {isa = PBXBuildFile; fileRef = 063F10A0280D985F00F7180F /* AppDelegate.swift */; };
		063F10A5280D985F00F7180F /* ViewController.swift in Sources */ = {isa = PBXBuildFile; fileRef = 063F10A4280D985F00F7180F /* ViewController.swift */; };
		063F10A8280D985F00F7180F /* Main.storyboard in Resources */ = {isa = PBXBuildFile; fileRef = 063F10A6280D985F00F7180F /* Main.storyboard */; };
		063F10AA280D986000F7180F /* Assets.xcassets in Resources */ = {isa = PBXBuildFile; fileRef = 063F10A9280D986000F7180F /* Assets.xcassets */; };
		063F10AD280D986000F7180F /* LaunchScreen.storyboard in Resources */ = {isa = PBXBuildFile; fileRef = 063F10AB280D986000F7180F /* LaunchScreen.storyboard */; };
		063F10B7280DA01B00F7180F /* NetworkManager.swift in Sources */ = {isa = PBXBuildFile; fileRef = 063F10B6280DA01B00F7180F /* NetworkManager.swift */; };
		065CA03A28162827001F94AA /* Network.swift in Sources */ = {isa = PBXBuildFile; fileRef = 065CA03928162827001F94AA /* Network.swift */; };
		065CA03D28164A58001F94AA /* SplashViewController.swift in Sources */ = {isa = PBXBuildFile; fileRef = 065CA03C28164A58001F94AA /* SplashViewController.swift */; };
		065CA03F28164E92001F94AA /* NormalMain.storyboard in Resources */ = {isa = PBXBuildFile; fileRef = 065CA03E28164E92001F94AA /* NormalMain.storyboard */; };
		065CA04128164F05001F94AA /* NormalMainViewController.swift in Sources */ = {isa = PBXBuildFile; fileRef = 065CA04028164F05001F94AA /* NormalMainViewController.swift */; };
		065CA04428166323001F94AA /* NormalMainViewModel.swift in Sources */ = {isa = PBXBuildFile; fileRef = 065CA04328166323001F94AA /* NormalMainViewModel.swift */; };
		065CA0472816672D001F94AA /* MovieListCell.swift in Sources */ = {isa = PBXBuildFile; fileRef = 065CA0462816672D001F94AA /* MovieListCell.swift */; };
		065CA04A28167019001F94AA /* Movie.swift in Sources */ = {isa = PBXBuildFile; fileRef = 065CA04928167019001F94AA /* Movie.swift */; };
		065CA04C28169A26001F94AA /* NormalDetailViewController.swift in Sources */ = {isa = PBXBuildFile; fileRef = 065CA04B28169A26001F94AA /* NormalDetailViewController.swift */; };
		065CA04E281791FD001F94AA /* NormalDetatilViewModel.swift in Sources */ = {isa = PBXBuildFile; fileRef = 065CA04D281791FD001F94AA /* NormalDetatilViewModel.swift */; };
		065CA05228179253001F94AA /* MovieDetailModel.swift in Sources */ = {isa = PBXBuildFile; fileRef = 065CA05128179253001F94AA /* MovieDetailModel.swift */; };
		065CA054281792E7001F94AA /* MovieDetail.swift in Sources */ = {isa = PBXBuildFile; fileRef = 065CA053281792E7001F94AA /* MovieDetail.swift */; };
		065CA0562817BB2B001F94AA /* PhotoDataModel.swift in Sources */ = {isa = PBXBuildFile; fileRef = 065CA0552817BB2B001F94AA /* PhotoDataModel.swift */; };
		065CA0582817C61E001F94AA /* Photo.swift in Sources */ = {isa = PBXBuildFile; fileRef = 065CA0572817C61E001F94AA /* Photo.swift */; };
		065CA05A2817CB9D001F94AA /* ThumbPhotoCell.swift in Sources */ = {isa = PBXBuildFile; fileRef = 065CA0592817CB9D001F94AA /* ThumbPhotoCell.swift */; };
		065CA05D2817CF5D001F94AA /* NormalNetworkManager.swift in Sources */ = {isa = PBXBuildFile; fileRef = 065CA05C2817CF5D001F94AA /* NormalNetworkManager.swift */; };
		065CA0612817CF8A001F94AA /* URLRequest+.swift in Sources */ = {isa = PBXBuildFile; fileRef = 065CA0602817CF8A001F94AA /* URLRequest+.swift */; };
		065CA0632817CFA4001F94AA /* URLSession+.swift in Sources */ = {isa = PBXBuildFile; fileRef = 065CA0622817CFA4001F94AA /* URLSession+.swift */; };
		065CA0652817CFC1001F94AA /* ImageCacheManager.swift in Sources */ = {isa = PBXBuildFile; fileRef = 065CA0642817CFC1001F94AA /* ImageCacheManager.swift */; };
		065CA07D2817E60F001F94AA /* PrettyDescriberError.swift in Sources */ = {isa = PBXBuildFile; fileRef = 065CA06A2817E5C6001F94AA /* PrettyDescriberError.swift */; };
		065CA07E2817E613001F94AA /* ColorTheme.swift in Sources */ = {isa = PBXBuildFile; fileRef = 065CA06C2817E5C6001F94AA /* ColorTheme.swift */; };
		065CA07F2817E615001F94AA /* PrettyDescriber.swift in Sources */ = {isa = PBXBuildFile; fileRef = 065CA06D2817E5C6001F94AA /* PrettyDescriber.swift */; };
		065CA0802817E619001F94AA /* PrettyFormatter.swift in Sources */ = {isa = PBXBuildFile; fileRef = 065CA0702817E5C6001F94AA /* PrettyFormatter.swift */; };
		065CA0812817E619001F94AA /* SinglelineFormatter.swift in Sources */ = {isa = PBXBuildFile; fileRef = 065CA0712817E5C6001F94AA /* SinglelineFormatter.swift */; };
		065CA0822817E619001F94AA /* MultilineFormatter.swift in Sources */ = {isa = PBXBuildFile; fileRef = 065CA06F2817E5C6001F94AA /* MultilineFormatter.swift */; };
		065CA0832817E61C001F94AA /* Util.swift in Sources */ = {isa = PBXBuildFile; fileRef = 065CA0722817E5C6001F94AA /* Util.swift */; };
		065CA0842817E61F001F94AA /* LogOutputStream.swift in Sources */ = {isa = PBXBuildFile; fileRef = 065CA0742817E5C6001F94AA /* LogOutputStream.swift */; };
		065CA0852817E623001F94AA /* String+extension.swift in Sources */ = {isa = PBXBuildFile; fileRef = 065CA0762817E5C6001F94AA /* String+extension.swift */; };
		065CA0862817E628001F94AA /* CombineOperatorOption.swift in Sources */ = {isa = PBXBuildFile; fileRef = 065CA0782817E5C6001F94AA /* CombineOperatorOption.swift */; };
		065CA0872817E628001F94AA /* CombineExtension.swift in Sources */ = {isa = PBXBuildFile; fileRef = 065CA07C2817E5C6001F94AA /* CombineExtension.swift */; };
		065CA0882817E628001F94AA /* Option.swift in Sources */ = {isa = PBXBuildFile; fileRef = 065CA0792817E5C6001F94AA /* Option.swift */; };
		065CA0892817E628001F94AA /* Operator.swift in Sources */ = {isa = PBXBuildFile; fileRef = 065CA07A2817E5C6001F94AA /* Operator.swift */; };
		065CA08A2817E628001F94AA /* Debug.swift in Sources */ = {isa = PBXBuildFile; fileRef = 065CA07B2817E5C6001F94AA /* Debug.swift */; };
		068C46B4280E3E9700BFB767 /* ApiKey.swift in Sources */ = {isa = PBXBuildFile; fileRef = 068C46B3280E3E9700BFB767 /* ApiKey.swift */; };
		068C46B6280E4B9900BFB767 /* EndPoint.swift in Sources */ = {isa = PBXBuildFile; fileRef = 068C46B5280E4B9900BFB767 /* EndPoint.swift */; };
		068C46B8280E4E8000BFB767 /* ApiType.swift in Sources */ = {isa = PBXBuildFile; fileRef = 068C46B7280E4E8000BFB767 /* ApiType.swift */; };
		068C46BA280E520600BFB767 /* Api.swift in Sources */ = {isa = PBXBuildFile; fileRef = 068C46B9280E520600BFB767 /* Api.swift */; };
		068C46BD280E585D00BFB767 /* MovieModel.swift in Sources */ = {isa = PBXBuildFile; fileRef = 068C46BC280E585D00BFB767 /* MovieModel.swift */; };
		068C46C1280E880600BFB767 /* ViewModelBindableType.swift in Sources */ = {isa = PBXBuildFile; fileRef = 068C46C0280E880600BFB767 /* ViewModelBindableType.swift */; };
		068C46C3280E8A6D00BFB767 /* CommonViewModel.swift in Sources */ = {isa = PBXBuildFile; fileRef = 068C46C2280E8A6D00BFB767 /* CommonViewModel.swift */; };
		068C46C5280E8B4400BFB767 /* MainViewModel.swift in Sources */ = {isa = PBXBuildFile; fileRef = 068C46C4280E8B4400BFB767 /* MainViewModel.swift */; };
		068C46C7280E8D9400BFB767 /* Scene.swift in Sources */ = {isa = PBXBuildFile; fileRef = 068C46C6280E8D9400BFB767 /* Scene.swift */; };
		068C46C9280E912B00BFB767 /* TransitionModel.swift in Sources */ = {isa = PBXBuildFile; fileRef = 068C46C8280E912B00BFB767 /* TransitionModel.swift */; };
		068C46CB280E917300BFB767 /* SceneCoordinatorType.swift in Sources */ = {isa = PBXBuildFile; fileRef = 068C46CA280E917300BFB767 /* SceneCoordinatorType.swift */; };
		068C46CD280E91EA00BFB767 /* SceneCoordinator.swift in Sources */ = {isa = PBXBuildFile; fileRef = 068C46CC280E91EA00BFB767 /* SceneCoordinator.swift */; };
		1C3B58C0280EA0F500823CEB /* DetailViewController.swift in Sources */ = {isa = PBXBuildFile; fileRef = 1C3B58BF280EA0F500823CEB /* DetailViewController.swift */; };
		96F7A24DEC6250ACECAF19AB /* Pods_SwiftTemplate.framework in Frameworks */ = {isa = PBXBuildFile; fileRef = F6BA0052532D58B639CF3393 /* Pods_SwiftTemplate.framework */; };
/* End PBXBuildFile section */

/* Begin PBXFileReference section */
		061D285F28193C3E002F520D /* PresentTransition.swift */ = {isa = PBXFileReference; lastKnownFileType = sourcecode.swift; path = PresentTransition.swift; sourceTree = "<group>"; };
		063F109D280D985F00F7180F /* SwiftTemplate.app */ = {isa = PBXFileReference; explicitFileType = wrapper.application; includeInIndex = 0; path = SwiftTemplate.app; sourceTree = BUILT_PRODUCTS_DIR; };
		063F10A0280D985F00F7180F /* AppDelegate.swift */ = {isa = PBXFileReference; lastKnownFileType = sourcecode.swift; path = AppDelegate.swift; sourceTree = "<group>"; };
		063F10A4280D985F00F7180F /* ViewController.swift */ = {isa = PBXFileReference; lastKnownFileType = sourcecode.swift; path = ViewController.swift; sourceTree = "<group>"; };
		063F10A7280D985F00F7180F /* Base */ = {isa = PBXFileReference; lastKnownFileType = file.storyboard; name = Base; path = Base.lproj/Main.storyboard; sourceTree = "<group>"; };
		063F10A9280D986000F7180F /* Assets.xcassets */ = {isa = PBXFileReference; lastKnownFileType = folder.assetcatalog; path = Assets.xcassets; sourceTree = "<group>"; };
		063F10AC280D986000F7180F /* Base */ = {isa = PBXFileReference; lastKnownFileType = file.storyboard; name = Base; path = Base.lproj/LaunchScreen.storyboard; sourceTree = "<group>"; };
		063F10AE280D986000F7180F /* Info.plist */ = {isa = PBXFileReference; lastKnownFileType = text.plist.xml; path = Info.plist; sourceTree = "<group>"; };
		063F10B6280DA01B00F7180F /* NetworkManager.swift */ = {isa = PBXFileReference; lastKnownFileType = sourcecode.swift; path = NetworkManager.swift; sourceTree = "<group>"; };
		065CA03928162827001F94AA /* Network.swift */ = {isa = PBXFileReference; lastKnownFileType = sourcecode.swift; path = Network.swift; sourceTree = "<group>"; };
		065CA03C28164A58001F94AA /* SplashViewController.swift */ = {isa = PBXFileReference; lastKnownFileType = sourcecode.swift; path = SplashViewController.swift; sourceTree = "<group>"; };
		065CA03E28164E92001F94AA /* NormalMain.storyboard */ = {isa = PBXFileReference; lastKnownFileType = file.storyboard; path = NormalMain.storyboard; sourceTree = "<group>"; };
		065CA04028164F05001F94AA /* NormalMainViewController.swift */ = {isa = PBXFileReference; lastKnownFileType = sourcecode.swift; path = NormalMainViewController.swift; sourceTree = "<group>"; };
		065CA04328166323001F94AA /* NormalMainViewModel.swift */ = {isa = PBXFileReference; lastKnownFileType = sourcecode.swift; path = NormalMainViewModel.swift; sourceTree = "<group>"; };
		065CA0462816672D001F94AA /* MovieListCell.swift */ = {isa = PBXFileReference; lastKnownFileType = sourcecode.swift; path = MovieListCell.swift; sourceTree = "<group>"; };
		065CA04928167019001F94AA /* Movie.swift */ = {isa = PBXFileReference; lastKnownFileType = sourcecode.swift; path = Movie.swift; sourceTree = "<group>"; };
		065CA04B28169A26001F94AA /* NormalDetailViewController.swift */ = {isa = PBXFileReference; lastKnownFileType = sourcecode.swift; path = NormalDetailViewController.swift; sourceTree = "<group>"; };
		065CA04D281791FD001F94AA /* NormalDetatilViewModel.swift */ = {isa = PBXFileReference; lastKnownFileType = sourcecode.swift; path = NormalDetatilViewModel.swift; sourceTree = "<group>"; };
		065CA05128179253001F94AA /* MovieDetailModel.swift */ = {isa = PBXFileReference; lastKnownFileType = sourcecode.swift; path = MovieDetailModel.swift; sourceTree = "<group>"; };
		065CA053281792E7001F94AA /* MovieDetail.swift */ = {isa = PBXFileReference; lastKnownFileType = sourcecode.swift; path = MovieDetail.swift; sourceTree = "<group>"; };
		065CA0552817BB2B001F94AA /* PhotoDataModel.swift */ = {isa = PBXFileReference; lastKnownFileType = sourcecode.swift; path = PhotoDataModel.swift; sourceTree = "<group>"; };
		065CA0572817C61E001F94AA /* Photo.swift */ = {isa = PBXFileReference; lastKnownFileType = sourcecode.swift; path = Photo.swift; sourceTree = "<group>"; };
		065CA0592817CB9D001F94AA /* ThumbPhotoCell.swift */ = {isa = PBXFileReference; lastKnownFileType = sourcecode.swift; path = ThumbPhotoCell.swift; sourceTree = "<group>"; };
		065CA05C2817CF5D001F94AA /* NormalNetworkManager.swift */ = {isa = PBXFileReference; lastKnownFileType = sourcecode.swift; path = NormalNetworkManager.swift; sourceTree = "<group>"; };
		065CA0602817CF8A001F94AA /* URLRequest+.swift */ = {isa = PBXFileReference; lastKnownFileType = sourcecode.swift; path = "URLRequest+.swift"; sourceTree = "<group>"; };
		065CA0622817CFA4001F94AA /* URLSession+.swift */ = {isa = PBXFileReference; lastKnownFileType = sourcecode.swift; path = "URLSession+.swift"; sourceTree = "<group>"; };
		065CA0642817CFC1001F94AA /* ImageCacheManager.swift */ = {isa = PBXFileReference; lastKnownFileType = sourcecode.swift; path = ImageCacheManager.swift; sourceTree = "<group>"; };
		065CA06A2817E5C6001F94AA /* PrettyDescriberError.swift */ = {isa = PBXFileReference; lastKnownFileType = sourcecode.swift; path = PrettyDescriberError.swift; sourceTree = "<group>"; };
		065CA06C2817E5C6001F94AA /* ColorTheme.swift */ = {isa = PBXFileReference; lastKnownFileType = sourcecode.swift; path = ColorTheme.swift; sourceTree = "<group>"; };
		065CA06D2817E5C6001F94AA /* PrettyDescriber.swift */ = {isa = PBXFileReference; lastKnownFileType = sourcecode.swift; path = PrettyDescriber.swift; sourceTree = "<group>"; };
		065CA06F2817E5C6001F94AA /* MultilineFormatter.swift */ = {isa = PBXFileReference; lastKnownFileType = sourcecode.swift; path = MultilineFormatter.swift; sourceTree = "<group>"; };
		065CA0702817E5C6001F94AA /* PrettyFormatter.swift */ = {isa = PBXFileReference; lastKnownFileType = sourcecode.swift; path = PrettyFormatter.swift; sourceTree = "<group>"; };
		065CA0712817E5C6001F94AA /* SinglelineFormatter.swift */ = {isa = PBXFileReference; lastKnownFileType = sourcecode.swift; path = SinglelineFormatter.swift; sourceTree = "<group>"; };
		065CA0722817E5C6001F94AA /* Util.swift */ = {isa = PBXFileReference; lastKnownFileType = sourcecode.swift; path = Util.swift; sourceTree = "<group>"; };
		065CA0742817E5C6001F94AA /* LogOutputStream.swift */ = {isa = PBXFileReference; lastKnownFileType = sourcecode.swift; path = LogOutputStream.swift; sourceTree = "<group>"; };
		065CA0762817E5C6001F94AA /* String+extension.swift */ = {isa = PBXFileReference; lastKnownFileType = sourcecode.swift; path = "String+extension.swift"; sourceTree = "<group>"; };
		065CA0782817E5C6001F94AA /* CombineOperatorOption.swift */ = {isa = PBXFileReference; lastKnownFileType = sourcecode.swift; path = CombineOperatorOption.swift; sourceTree = "<group>"; };
		065CA0792817E5C6001F94AA /* Option.swift */ = {isa = PBXFileReference; lastKnownFileType = sourcecode.swift; path = Option.swift; sourceTree = "<group>"; };
		065CA07A2817E5C6001F94AA /* Operator.swift */ = {isa = PBXFileReference; lastKnownFileType = sourcecode.swift; path = Operator.swift; sourceTree = "<group>"; };
		065CA07B2817E5C6001F94AA /* Debug.swift */ = {isa = PBXFileReference; lastKnownFileType = sourcecode.swift; path = Debug.swift; sourceTree = "<group>"; };
		065CA07C2817E5C6001F94AA /* CombineExtension.swift */ = {isa = PBXFileReference; lastKnownFileType = sourcecode.swift; path = CombineExtension.swift; sourceTree = "<group>"; };
		068C46B3280E3E9700BFB767 /* ApiKey.swift */ = {isa = PBXFileReference; lastKnownFileType = sourcecode.swift; path = ApiKey.swift; sourceTree = "<group>"; };
		068C46B5280E4B9900BFB767 /* EndPoint.swift */ = {isa = PBXFileReference; lastKnownFileType = sourcecode.swift; path = EndPoint.swift; sourceTree = "<group>"; };
		068C46B7280E4E8000BFB767 /* ApiType.swift */ = {isa = PBXFileReference; lastKnownFileType = sourcecode.swift; path = ApiType.swift; sourceTree = "<group>"; };
		068C46B9280E520600BFB767 /* Api.swift */ = {isa = PBXFileReference; lastKnownFileType = sourcecode.swift; path = Api.swift; sourceTree = "<group>"; };
		068C46BC280E585D00BFB767 /* MovieModel.swift */ = {isa = PBXFileReference; lastKnownFileType = sourcecode.swift; path = MovieModel.swift; sourceTree = "<group>"; };
		068C46C0280E880600BFB767 /* ViewModelBindableType.swift */ = {isa = PBXFileReference; lastKnownFileType = sourcecode.swift; path = ViewModelBindableType.swift; sourceTree = "<group>"; };
		068C46C2280E8A6D00BFB767 /* CommonViewModel.swift */ = {isa = PBXFileReference; lastKnownFileType = sourcecode.swift; path = CommonViewModel.swift; sourceTree = "<group>"; };
		068C46C4280E8B4400BFB767 /* MainViewModel.swift */ = {isa = PBXFileReference; lastKnownFileType = sourcecode.swift; path = MainViewModel.swift; sourceTree = "<group>"; };
		068C46C6280E8D9400BFB767 /* Scene.swift */ = {isa = PBXFileReference; lastKnownFileType = sourcecode.swift; path = Scene.swift; sourceTree = "<group>"; };
		068C46C8280E912B00BFB767 /* TransitionModel.swift */ = {isa = PBXFileReference; lastKnownFileType = sourcecode.swift; path = TransitionModel.swift; sourceTree = "<group>"; };
		068C46CA280E917300BFB767 /* SceneCoordinatorType.swift */ = {isa = PBXFileReference; lastKnownFileType = sourcecode.swift; path = SceneCoordinatorType.swift; sourceTree = "<group>"; };
		068C46CC280E91EA00BFB767 /* SceneCoordinator.swift */ = {isa = PBXFileReference; lastKnownFileType = sourcecode.swift; path = SceneCoordinator.swift; sourceTree = "<group>"; };
		1C3B58BF280EA0F500823CEB /* DetailViewController.swift */ = {isa = PBXFileReference; lastKnownFileType = sourcecode.swift; path = DetailViewController.swift; sourceTree = "<group>"; };
		A4F5590D53FCDB8914899F0E /* Pods-SwiftTemplate.debug.xcconfig */ = {isa = PBXFileReference; includeInIndex = 1; lastKnownFileType = text.xcconfig; name = "Pods-SwiftTemplate.debug.xcconfig"; path = "Target Support Files/Pods-SwiftTemplate/Pods-SwiftTemplate.debug.xcconfig"; sourceTree = "<group>"; };
		F6BA0052532D58B639CF3393 /* Pods_SwiftTemplate.framework */ = {isa = PBXFileReference; explicitFileType = wrapper.framework; includeInIndex = 0; path = Pods_SwiftTemplate.framework; sourceTree = BUILT_PRODUCTS_DIR; };
		FBDEF3706A554916390533E3 /* Pods-SwiftTemplate.release.xcconfig */ = {isa = PBXFileReference; includeInIndex = 1; lastKnownFileType = text.xcconfig; name = "Pods-SwiftTemplate.release.xcconfig"; path = "Target Support Files/Pods-SwiftTemplate/Pods-SwiftTemplate.release.xcconfig"; sourceTree = "<group>"; };
/* End PBXFileReference section */

/* Begin PBXFrameworksBuildPhase section */
		063F109A280D985F00F7180F /* Frameworks */ = {
			isa = PBXFrameworksBuildPhase;
			buildActionMask = 2147483647;
			files = (
				96F7A24DEC6250ACECAF19AB /* Pods_SwiftTemplate.framework in Frameworks */,
			);
			runOnlyForDeploymentPostprocessing = 0;
		};
/* End PBXFrameworksBuildPhase section */

/* Begin PBXGroup section */
		061D285E28193C15002F520D /* Common */ = {
			isa = PBXGroup;
			children = (
				061D286128193C41002F520D /* Transition */,
			);
			path = Common;
			sourceTree = "<group>";
		};
		061D286128193C41002F520D /* Transition */ = {
			isa = PBXGroup;
			children = (
				061D285F28193C3E002F520D /* PresentTransition.swift */,
			);
			path = Transition;
			sourceTree = "<group>";
		};
		063F1094280D985F00F7180F = {
			isa = PBXGroup;
			children = (
				063F109F280D985F00F7180F /* SwiftTemplate */,
				063F109E280D985F00F7180F /* Products */,
				F1B58B8A8AC15FF06765370E /* Pods */,
				34DAF7D8AADE50623BC9B6A5 /* Frameworks */,
			);
			sourceTree = "<group>";
		};
		063F109E280D985F00F7180F /* Products */ = {
			isa = PBXGroup;
			children = (
				063F109D280D985F00F7180F /* SwiftTemplate.app */,
			);
			name = Products;
			sourceTree = "<group>";
		};
		063F109F280D985F00F7180F /* SwiftTemplate */ = {
			isa = PBXGroup;
			children = (
				065CA05F2817CF71001F94AA /* Extensions */,
				065CA03B28164A3C001F94AA /* Splash */,
				068C46BB280E581000BFB767 /* Model */,
				068C46B1280E3A1400BFB767 /* Scene */,
				063F10B5280D9AC200F7180F /* Swift */,
				063F10B4280D9AB800F7180F /* RxSwift */,
				063F10A0280D985F00F7180F /* AppDelegate.swift */,
				063F10A6280D985F00F7180F /* Main.storyboard */,
				063F10A9280D986000F7180F /* Assets.xcassets */,
				063F10AB280D986000F7180F /* LaunchScreen.storyboard */,
				063F10AE280D986000F7180F /* Info.plist */,
			);
			path = SwiftTemplate;
			sourceTree = "<group>";
		};
		063F10B4280D9AB800F7180F /* RxSwift */ = {
			isa = PBXGroup;
			children = (
				068C46BF280E874F00BFB767 /* View */,
				068C46BE280E845100BFB767 /* ViewModel */,
				068C46B2280E3A4500BFB767 /* Service */,
				063F10B6280DA01B00F7180F /* NetworkManager.swift */,
				1C3B58BF280EA0F500823CEB /* DetailViewController.swift */,
				063F10A4280D985F00F7180F /* ViewController.swift */,
			);
			path = RxSwift;
			sourceTree = "<group>";
		};
		063F10B5280D9AC200F7180F /* Swift */ = {
			isa = PBXGroup;
			children = (
				061D285E28193C15002F520D /* Common */,
				065CA05B2817CF50001F94AA /* Manager */,
				065CA0482816679E001F94AA /* Model */,
				065CA0452816670E001F94AA /* View */,
				065CA04228166318001F94AA /* ViewModel */,
				065CA038281627D3001F94AA /* Network */,
			);
			path = Swift;
			sourceTree = "<group>";
		};
		065CA038281627D3001F94AA /* Network */ = {
			isa = PBXGroup;
			children = (
				065CA03928162827001F94AA /* Network.swift */,
			);
			path = Network;
			sourceTree = "<group>";
		};
		065CA03B28164A3C001F94AA /* Splash */ = {
			isa = PBXGroup;
			children = (
				065CA03C28164A58001F94AA /* SplashViewController.swift */,
			);
			path = Splash;
			sourceTree = "<group>";
		};
		065CA04228166318001F94AA /* ViewModel */ = {
			isa = PBXGroup;
			children = (
				065CA04328166323001F94AA /* NormalMainViewModel.swift */,
				065CA04D281791FD001F94AA /* NormalDetatilViewModel.swift */,
			);
			path = ViewModel;
			sourceTree = "<group>";
		};
		065CA0452816670E001F94AA /* View */ = {
			isa = PBXGroup;
			children = (
				065CA05028179232001F94AA /* Cell */,
				065CA03E28164E92001F94AA /* NormalMain.storyboard */,
				065CA04028164F05001F94AA /* NormalMainViewController.swift */,
				065CA04B28169A26001F94AA /* NormalDetailViewController.swift */,
			);
			path = View;
			sourceTree = "<group>";
		};
		065CA0482816679E001F94AA /* Model */ = {
			isa = PBXGroup;
			children = (
				065CA04928167019001F94AA /* Movie.swift */,
				065CA053281792E7001F94AA /* MovieDetail.swift */,
				065CA0572817C61E001F94AA /* Photo.swift */,
			);
			path = Model;
			sourceTree = "<group>";
		};
		065CA05028179232001F94AA /* Cell */ = {
			isa = PBXGroup;
			children = (
				065CA0462816672D001F94AA /* MovieListCell.swift */,
				065CA0592817CB9D001F94AA /* ThumbPhotoCell.swift */,
			);
			path = Cell;
			sourceTree = "<group>";
		};
		065CA05B2817CF50001F94AA /* Manager */ = {
			isa = PBXGroup;
			children = (
				065CA05C2817CF5D001F94AA /* NormalNetworkManager.swift */,
				065CA0642817CFC1001F94AA /* ImageCacheManager.swift */,
			);
			path = Manager;
			sourceTree = "<group>";
		};
		065CA05F2817CF71001F94AA /* Extensions */ = {
			isa = PBXGroup;
			children = (
				065CA0682817E5C6001F94AA /* DebugPrint */,
				065CA0602817CF8A001F94AA /* URLRequest+.swift */,
				065CA0622817CFA4001F94AA /* URLSession+.swift */,
			);
			path = Extensions;
			sourceTree = "<group>";
		};
		065CA0682817E5C6001F94AA /* DebugPrint */ = {
			isa = PBXGroup;
			children = (
				065CA0692817E5C6001F94AA /* Core */,
				065CA0752817E5C6001F94AA /* Extension */,
				065CA0772817E5C6001F94AA /* Public */,
			);
			path = DebugPrint;
			sourceTree = "<group>";
		};
		065CA0692817E5C6001F94AA /* Core */ = {
			isa = PBXGroup;
			children = (
				065CA06A2817E5C6001F94AA /* PrettyDescriberError.swift */,
				065CA06B2817E5C6001F94AA /* Color */,
				065CA06D2817E5C6001F94AA /* PrettyDescriber.swift */,
				065CA06E2817E5C6001F94AA /* Formatter */,
				065CA0722817E5C6001F94AA /* Util.swift */,
				065CA0732817E5C6001F94AA /* Log */,
			);
			path = Core;
			sourceTree = "<group>";
		};
		065CA06B2817E5C6001F94AA /* Color */ = {
			isa = PBXGroup;
			children = (
				065CA06C2817E5C6001F94AA /* ColorTheme.swift */,
			);
			path = Color;
			sourceTree = "<group>";
		};
		065CA06E2817E5C6001F94AA /* Formatter */ = {
			isa = PBXGroup;
			children = (
				065CA06F2817E5C6001F94AA /* MultilineFormatter.swift */,
				065CA0702817E5C6001F94AA /* PrettyFormatter.swift */,
				065CA0712817E5C6001F94AA /* SinglelineFormatter.swift */,
			);
			path = Formatter;
			sourceTree = "<group>";
		};
		065CA0732817E5C6001F94AA /* Log */ = {
			isa = PBXGroup;
			children = (
				065CA0742817E5C6001F94AA /* LogOutputStream.swift */,
			);
			path = Log;
			sourceTree = "<group>";
		};
		065CA0752817E5C6001F94AA /* Extension */ = {
			isa = PBXGroup;
			children = (
				065CA0762817E5C6001F94AA /* String+extension.swift */,
			);
			path = Extension;
			sourceTree = "<group>";
		};
		065CA0772817E5C6001F94AA /* Public */ = {
			isa = PBXGroup;
			children = (
				065CA0782817E5C6001F94AA /* CombineOperatorOption.swift */,
				065CA0792817E5C6001F94AA /* Option.swift */,
				065CA07A2817E5C6001F94AA /* Operator.swift */,
				065CA07B2817E5C6001F94AA /* Debug.swift */,
				065CA07C2817E5C6001F94AA /* CombineExtension.swift */,
			);
			path = Public;
			sourceTree = "<group>";
		};
		068C46B1280E3A1400BFB767 /* Scene */ = {
			isa = PBXGroup;
			children = (
				068C46C6280E8D9400BFB767 /* Scene.swift */,
				068C46C8280E912B00BFB767 /* TransitionModel.swift */,
				068C46CA280E917300BFB767 /* SceneCoordinatorType.swift */,
				068C46CC280E91EA00BFB767 /* SceneCoordinator.swift */,
			);
			path = Scene;
			sourceTree = "<group>";
		};
		068C46B2280E3A4500BFB767 /* Service */ = {
			isa = PBXGroup;
			children = (
				068C46B3280E3E9700BFB767 /* ApiKey.swift */,
				068C46B5280E4B9900BFB767 /* EndPoint.swift */,
				068C46B7280E4E8000BFB767 /* ApiType.swift */,
				068C46B9280E520600BFB767 /* Api.swift */,
			);
			path = Service;
			sourceTree = "<group>";
		};
		068C46BB280E581000BFB767 /* Model */ = {
			isa = PBXGroup;
			children = (
				068C46BC280E585D00BFB767 /* MovieModel.swift */,
				065CA05128179253001F94AA /* MovieDetailModel.swift */,
				065CA0552817BB2B001F94AA /* PhotoDataModel.swift */,
			);
			path = Model;
			sourceTree = "<group>";
		};
		068C46BE280E845100BFB767 /* ViewModel */ = {
			isa = PBXGroup;
			children = (
				068C46C2280E8A6D00BFB767 /* CommonViewModel.swift */,
				068C46C4280E8B4400BFB767 /* MainViewModel.swift */,
			);
			path = ViewModel;
			sourceTree = "<group>";
		};
		068C46BF280E874F00BFB767 /* View */ = {
			isa = PBXGroup;
			children = (
				068C46C0280E880600BFB767 /* ViewModelBindableType.swift */,
			);
			path = View;
			sourceTree = "<group>";
		};
		34DAF7D8AADE50623BC9B6A5 /* Frameworks */ = {
			isa = PBXGroup;
			children = (
				F6BA0052532D58B639CF3393 /* Pods_SwiftTemplate.framework */,
			);
			name = Frameworks;
			sourceTree = "<group>";
		};
		F1B58B8A8AC15FF06765370E /* Pods */ = {
			isa = PBXGroup;
			children = (
				A4F5590D53FCDB8914899F0E /* Pods-SwiftTemplate.debug.xcconfig */,
				FBDEF3706A554916390533E3 /* Pods-SwiftTemplate.release.xcconfig */,
			);
			path = Pods;
			sourceTree = "<group>";
		};
/* End PBXGroup section */

/* Begin PBXNativeTarget section */
		063F109C280D985F00F7180F /* SwiftTemplate */ = {
			isa = PBXNativeTarget;
			buildConfigurationList = 063F10B1280D986000F7180F /* Build configuration list for PBXNativeTarget "SwiftTemplate" */;
			buildPhases = (
				04325A087F45C9A22CAC7F6C /* [CP] Check Pods Manifest.lock */,
				063F1099280D985F00F7180F /* Sources */,
				063F109A280D985F00F7180F /* Frameworks */,
				063F109B280D985F00F7180F /* Resources */,
				9D8EE9AE69ABC3BE91BC827E /* [CP] Embed Pods Frameworks */,
			);
			buildRules = (
			);
			dependencies = (
			);
			name = SwiftTemplate;
			productName = SwiftTemplate;
			productReference = 063F109D280D985F00F7180F /* SwiftTemplate.app */;
			productType = "com.apple.product-type.application";
		};
/* End PBXNativeTarget section */

/* Begin PBXProject section */
		063F1095280D985F00F7180F /* Project object */ = {
			isa = PBXProject;
			attributes = {
				BuildIndependentTargetsInParallel = 1;
				LastSwiftUpdateCheck = 1320;
				LastUpgradeCheck = 1320;
				TargetAttributes = {
					063F109C280D985F00F7180F = {
						CreatedOnToolsVersion = 13.2;
					};
				};
			};
			buildConfigurationList = 063F1098280D985F00F7180F /* Build configuration list for PBXProject "SwiftTemplate" */;
			compatibilityVersion = "Xcode 13.0";
			developmentRegion = en;
			hasScannedForEncodings = 0;
			knownRegions = (
				en,
				Base,
			);
			mainGroup = 063F1094280D985F00F7180F;
			productRefGroup = 063F109E280D985F00F7180F /* Products */;
			projectDirPath = "";
			projectRoot = "";
			targets = (
				063F109C280D985F00F7180F /* SwiftTemplate */,
			);
		};
/* End PBXProject section */

/* Begin PBXResourcesBuildPhase section */
		063F109B280D985F00F7180F /* Resources */ = {
			isa = PBXResourcesBuildPhase;
			buildActionMask = 2147483647;
			files = (
				063F10AD280D986000F7180F /* LaunchScreen.storyboard in Resources */,
				063F10AA280D986000F7180F /* Assets.xcassets in Resources */,
				065CA03F28164E92001F94AA /* NormalMain.storyboard in Resources */,
				063F10A8280D985F00F7180F /* Main.storyboard in Resources */,
			);
			runOnlyForDeploymentPostprocessing = 0;
		};
/* End PBXResourcesBuildPhase section */

/* Begin PBXShellScriptBuildPhase section */
		04325A087F45C9A22CAC7F6C /* [CP] Check Pods Manifest.lock */ = {
			isa = PBXShellScriptBuildPhase;
			buildActionMask = 2147483647;
			files = (
			);
			inputFileListPaths = (
			);
			inputPaths = (
				"${PODS_PODFILE_DIR_PATH}/Podfile.lock",
				"${PODS_ROOT}/Manifest.lock",
			);
			name = "[CP] Check Pods Manifest.lock";
			outputFileListPaths = (
			);
			outputPaths = (
				"$(DERIVED_FILE_DIR)/Pods-SwiftTemplate-checkManifestLockResult.txt",
			);
			runOnlyForDeploymentPostprocessing = 0;
			shellPath = /bin/sh;
			shellScript = "diff \"${PODS_PODFILE_DIR_PATH}/Podfile.lock\" \"${PODS_ROOT}/Manifest.lock\" > /dev/null\nif [ $? != 0 ] ; then\n    # print error to STDERR\n    echo \"error: The sandbox is not in sync with the Podfile.lock. Run 'pod install' or update your CocoaPods installation.\" >&2\n    exit 1\nfi\n# This output is used by Xcode 'outputs' to avoid re-running this script phase.\necho \"SUCCESS\" > \"${SCRIPT_OUTPUT_FILE_0}\"\n";
			showEnvVarsInLog = 0;
		};
		9D8EE9AE69ABC3BE91BC827E /* [CP] Embed Pods Frameworks */ = {
			isa = PBXShellScriptBuildPhase;
			buildActionMask = 2147483647;
			files = (
			);
			inputFileListPaths = (
				"${PODS_ROOT}/Target Support Files/Pods-SwiftTemplate/Pods-SwiftTemplate-frameworks-${CONFIGURATION}-input-files.xcfilelist",
			);
			name = "[CP] Embed Pods Frameworks";
			outputFileListPaths = (
				"${PODS_ROOT}/Target Support Files/Pods-SwiftTemplate/Pods-SwiftTemplate-frameworks-${CONFIGURATION}-output-files.xcfilelist",
			);
			runOnlyForDeploymentPostprocessing = 0;
			shellPath = /bin/sh;
			shellScript = "\"${PODS_ROOT}/Target Support Files/Pods-SwiftTemplate/Pods-SwiftTemplate-frameworks.sh\"\n";
			showEnvVarsInLog = 0;
		};
/* End PBXShellScriptBuildPhase section */

/* Begin PBXSourcesBuildPhase section */
		063F1099280D985F00F7180F /* Sources */ = {
			isa = PBXSourcesBuildPhase;
			buildActionMask = 2147483647;
			files = (
				065CA08A2817E628001F94AA /* Debug.swift in Sources */,
				065CA0802817E619001F94AA /* PrettyFormatter.swift in Sources */,
				065CA0582817C61E001F94AA /* Photo.swift in Sources */,
				065CA0562817BB2B001F94AA /* PhotoDataModel.swift in Sources */,
				065CA07D2817E60F001F94AA /* PrettyDescriberError.swift in Sources */,
				068C46B8280E4E8000BFB767 /* ApiType.swift in Sources */,
				068C46CB280E917300BFB767 /* SceneCoordinatorType.swift in Sources */,
				068C46C9280E912B00BFB767 /* TransitionModel.swift in Sources */,
				065CA0882817E628001F94AA /* Option.swift in Sources */,
				065CA04E281791FD001F94AA /* NormalDetatilViewModel.swift in Sources */,
				065CA03D28164A58001F94AA /* SplashViewController.swift in Sources */,
				065CA0862817E628001F94AA /* CombineOperatorOption.swift in Sources */,
				063F10B7280DA01B00F7180F /* NetworkManager.swift in Sources */,
				065CA0612817CF8A001F94AA /* URLRequest+.swift in Sources */,
				063F10A5280D985F00F7180F /* ViewController.swift in Sources */,
				068C46C1280E880600BFB767 /* ViewModelBindableType.swift in Sources */,
				068C46CD280E91EA00BFB767 /* SceneCoordinator.swift in Sources */,
				1C3B58C0280EA0F500823CEB /* DetailViewController.swift in Sources */,
				068C46B6280E4B9900BFB767 /* EndPoint.swift in Sources */,
				065CA0812817E619001F94AA /* SinglelineFormatter.swift in Sources */,
				065CA0632817CFA4001F94AA /* URLSession+.swift in Sources */,
				065CA07E2817E613001F94AA /* ColorTheme.swift in Sources */,
				065CA04428166323001F94AA /* NormalMainViewModel.swift in Sources */,
				065CA04128164F05001F94AA /* NormalMainViewController.swift in Sources */,
				065CA0892817E628001F94AA /* Operator.swift in Sources */,
				065CA07F2817E615001F94AA /* PrettyDescriber.swift in Sources */,
				065CA0472816672D001F94AA /* MovieListCell.swift in Sources */,
				065CA04C28169A26001F94AA /* NormalDetailViewController.swift in Sources */,
				065CA0842817E61F001F94AA /* LogOutputStream.swift in Sources */,
				068C46B4280E3E9700BFB767 /* ApiKey.swift in Sources */,
				061D286028193C3E002F520D /* PresentTransition.swift in Sources */,
				065CA0852817E623001F94AA /* String+extension.swift in Sources */,
				065CA0652817CFC1001F94AA /* ImageCacheManager.swift in Sources */,
				065CA03A28162827001F94AA /* Network.swift in Sources */,
				065CA0832817E61C001F94AA /* Util.swift in Sources */,
				065CA05D2817CF5D001F94AA /* NormalNetworkManager.swift in Sources */,
				068C46BA280E520600BFB767 /* Api.swift in Sources */,
				068C46BD280E585D00BFB767 /* MovieModel.swift in Sources */,
				065CA0822817E619001F94AA /* MultilineFormatter.swift in Sources */,
				065CA0872817E628001F94AA /* CombineExtension.swift in Sources */,
				068C46C7280E8D9400BFB767 /* Scene.swift in Sources */,
				063F10A1280D985F00F7180F /* AppDelegate.swift in Sources */,
				065CA054281792E7001F94AA /* MovieDetail.swift in Sources */,
				068C46C3280E8A6D00BFB767 /* CommonViewModel.swift in Sources */,
				065CA05A2817CB9D001F94AA /* ThumbPhotoCell.swift in Sources */,
				065CA04A28167019001F94AA /* Movie.swift in Sources */,
				068C46C5280E8B4400BFB767 /* MainViewModel.swift in Sources */,
				065CA05228179253001F94AA /* MovieDetailModel.swift in Sources */,
			);
			runOnlyForDeploymentPostprocessing = 0;
		};
/* End PBXSourcesBuildPhase section */

/* Begin PBXVariantGroup section */
		063F10A6280D985F00F7180F /* Main.storyboard */ = {
			isa = PBXVariantGroup;
			children = (
				063F10A7280D985F00F7180F /* Base */,
			);
			name = Main.storyboard;
			sourceTree = "<group>";
		};
		063F10AB280D986000F7180F /* LaunchScreen.storyboard */ = {
			isa = PBXVariantGroup;
			children = (
				063F10AC280D986000F7180F /* Base */,
			);
			name = LaunchScreen.storyboard;
			sourceTree = "<group>";
		};
/* End PBXVariantGroup section */

/* Begin XCBuildConfiguration section */
		063F10AF280D986000F7180F /* Debug */ = {
			isa = XCBuildConfiguration;
			buildSettings = {
				ALWAYS_SEARCH_USER_PATHS = NO;
				CLANG_ANALYZER_NONNULL = YES;
				CLANG_ANALYZER_NUMBER_OBJECT_CONVERSION = YES_AGGRESSIVE;
				CLANG_CXX_LANGUAGE_STANDARD = "gnu++17";
				CLANG_CXX_LIBRARY = "libc++";
				CLANG_ENABLE_MODULES = YES;
				CLANG_ENABLE_OBJC_ARC = YES;
				CLANG_ENABLE_OBJC_WEAK = YES;
				CLANG_WARN_BLOCK_CAPTURE_AUTORELEASING = YES;
				CLANG_WARN_BOOL_CONVERSION = YES;
				CLANG_WARN_COMMA = YES;
				CLANG_WARN_CONSTANT_CONVERSION = YES;
				CLANG_WARN_DEPRECATED_OBJC_IMPLEMENTATIONS = YES;
				CLANG_WARN_DIRECT_OBJC_ISA_USAGE = YES_ERROR;
				CLANG_WARN_DOCUMENTATION_COMMENTS = YES;
				CLANG_WARN_EMPTY_BODY = YES;
				CLANG_WARN_ENUM_CONVERSION = YES;
				CLANG_WARN_INFINITE_RECURSION = YES;
				CLANG_WARN_INT_CONVERSION = YES;
				CLANG_WARN_NON_LITERAL_NULL_CONVERSION = YES;
				CLANG_WARN_OBJC_IMPLICIT_RETAIN_SELF = YES;
				CLANG_WARN_OBJC_LITERAL_CONVERSION = YES;
				CLANG_WARN_OBJC_ROOT_CLASS = YES_ERROR;
				CLANG_WARN_QUOTED_INCLUDE_IN_FRAMEWORK_HEADER = YES;
				CLANG_WARN_RANGE_LOOP_ANALYSIS = YES;
				CLANG_WARN_STRICT_PROTOTYPES = YES;
				CLANG_WARN_SUSPICIOUS_MOVE = YES;
				CLANG_WARN_UNGUARDED_AVAILABILITY = YES_AGGRESSIVE;
				CLANG_WARN_UNREACHABLE_CODE = YES;
				CLANG_WARN__DUPLICATE_METHOD_MATCH = YES;
				COPY_PHASE_STRIP = NO;
				DEBUG_INFORMATION_FORMAT = dwarf;
				ENABLE_STRICT_OBJC_MSGSEND = YES;
				ENABLE_TESTABILITY = YES;
				GCC_C_LANGUAGE_STANDARD = gnu11;
				GCC_DYNAMIC_NO_PIC = NO;
				GCC_NO_COMMON_BLOCKS = YES;
				GCC_OPTIMIZATION_LEVEL = 0;
				GCC_PREPROCESSOR_DEFINITIONS = (
					"DEBUG=1",
					"$(inherited)",
				);
				GCC_WARN_64_TO_32_BIT_CONVERSION = YES;
				GCC_WARN_ABOUT_RETURN_TYPE = YES_ERROR;
				GCC_WARN_UNDECLARED_SELECTOR = YES;
				GCC_WARN_UNINITIALIZED_AUTOS = YES_AGGRESSIVE;
				GCC_WARN_UNUSED_FUNCTION = YES;
				GCC_WARN_UNUSED_VARIABLE = YES;
				IPHONEOS_DEPLOYMENT_TARGET = 13.0;
				MTL_ENABLE_DEBUG_INFO = INCLUDE_SOURCE;
				MTL_FAST_MATH = YES;
				ONLY_ACTIVE_ARCH = YES;
				SDKROOT = iphoneos;
				SWIFT_ACTIVE_COMPILATION_CONDITIONS = DEBUG;
				SWIFT_OPTIMIZATION_LEVEL = "-Onone";
			};
			name = Debug;
		};
		063F10B0280D986000F7180F /* Release */ = {
			isa = XCBuildConfiguration;
			buildSettings = {
				ALWAYS_SEARCH_USER_PATHS = NO;
				CLANG_ANALYZER_NONNULL = YES;
				CLANG_ANALYZER_NUMBER_OBJECT_CONVERSION = YES_AGGRESSIVE;
				CLANG_CXX_LANGUAGE_STANDARD = "gnu++17";
				CLANG_CXX_LIBRARY = "libc++";
				CLANG_ENABLE_MODULES = YES;
				CLANG_ENABLE_OBJC_ARC = YES;
				CLANG_ENABLE_OBJC_WEAK = YES;
				CLANG_WARN_BLOCK_CAPTURE_AUTORELEASING = YES;
				CLANG_WARN_BOOL_CONVERSION = YES;
				CLANG_WARN_COMMA = YES;
				CLANG_WARN_CONSTANT_CONVERSION = YES;
				CLANG_WARN_DEPRECATED_OBJC_IMPLEMENTATIONS = YES;
				CLANG_WARN_DIRECT_OBJC_ISA_USAGE = YES_ERROR;
				CLANG_WARN_DOCUMENTATION_COMMENTS = YES;
				CLANG_WARN_EMPTY_BODY = YES;
				CLANG_WARN_ENUM_CONVERSION = YES;
				CLANG_WARN_INFINITE_RECURSION = YES;
				CLANG_WARN_INT_CONVERSION = YES;
				CLANG_WARN_NON_LITERAL_NULL_CONVERSION = YES;
				CLANG_WARN_OBJC_IMPLICIT_RETAIN_SELF = YES;
				CLANG_WARN_OBJC_LITERAL_CONVERSION = YES;
				CLANG_WARN_OBJC_ROOT_CLASS = YES_ERROR;
				CLANG_WARN_QUOTED_INCLUDE_IN_FRAMEWORK_HEADER = YES;
				CLANG_WARN_RANGE_LOOP_ANALYSIS = YES;
				CLANG_WARN_STRICT_PROTOTYPES = YES;
				CLANG_WARN_SUSPICIOUS_MOVE = YES;
				CLANG_WARN_UNGUARDED_AVAILABILITY = YES_AGGRESSIVE;
				CLANG_WARN_UNREACHABLE_CODE = YES;
				CLANG_WARN__DUPLICATE_METHOD_MATCH = YES;
				COPY_PHASE_STRIP = NO;
				DEBUG_INFORMATION_FORMAT = "dwarf-with-dsym";
				ENABLE_NS_ASSERTIONS = NO;
				ENABLE_STRICT_OBJC_MSGSEND = YES;
				GCC_C_LANGUAGE_STANDARD = gnu11;
				GCC_NO_COMMON_BLOCKS = YES;
				GCC_WARN_64_TO_32_BIT_CONVERSION = YES;
				GCC_WARN_ABOUT_RETURN_TYPE = YES_ERROR;
				GCC_WARN_UNDECLARED_SELECTOR = YES;
				GCC_WARN_UNINITIALIZED_AUTOS = YES_AGGRESSIVE;
				GCC_WARN_UNUSED_FUNCTION = YES;
				GCC_WARN_UNUSED_VARIABLE = YES;
				IPHONEOS_DEPLOYMENT_TARGET = 13.0;
				MTL_ENABLE_DEBUG_INFO = NO;
				MTL_FAST_MATH = YES;
				SDKROOT = iphoneos;
				SWIFT_COMPILATION_MODE = wholemodule;
				SWIFT_OPTIMIZATION_LEVEL = "-O";
				VALIDATE_PRODUCT = YES;
			};
			name = Release;
		};
		063F10B2280D986000F7180F /* Debug */ = {
			isa = XCBuildConfiguration;
			baseConfigurationReference = A4F5590D53FCDB8914899F0E /* Pods-SwiftTemplate.debug.xcconfig */;
			buildSettings = {
				ASSETCATALOG_COMPILER_APPICON_NAME = AppIcon;
				ASSETCATALOG_COMPILER_GLOBAL_ACCENT_COLOR_NAME = AccentColor;
				CODE_SIGN_STYLE = Automatic;
				CURRENT_PROJECT_VERSION = 1;
				DEVELOPMENT_TEAM = 9P6WAX9VN5;
				GENERATE_INFOPLIST_FILE = YES;
				INFOPLIST_FILE = SwiftTemplate/Info.plist;
				INFOPLIST_KEY_UIApplicationSupportsIndirectInputEvents = YES;
				INFOPLIST_KEY_UILaunchStoryboardName = LaunchScreen;
				INFOPLIST_KEY_UIMainStoryboardFile = Main;
				INFOPLIST_KEY_UISupportedInterfaceOrientations_iPad = "UIInterfaceOrientationPortrait UIInterfaceOrientationPortraitUpsideDown UIInterfaceOrientationLandscapeLeft UIInterfaceOrientationLandscapeRight";
				INFOPLIST_KEY_UISupportedInterfaceOrientations_iPhone = "UIInterfaceOrientationPortrait UIInterfaceOrientationLandscapeLeft UIInterfaceOrientationLandscapeRight";
				LD_RUNPATH_SEARCH_PATHS = (
					"$(inherited)",
					"@executable_path/Frameworks",
				);
				MARKETING_VERSION = 1.0;
				PRODUCT_BUNDLE_IDENTIFIER = kr.co.SwiftTemplate;
				PRODUCT_NAME = "$(TARGET_NAME)";
				SWIFT_EMIT_LOC_STRINGS = YES;
				SWIFT_VERSION = 5.0;
				TARGETED_DEVICE_FAMILY = "1,2";
			};
			name = Debug;
		};
		063F10B3280D986000F7180F /* Release */ = {
			isa = XCBuildConfiguration;
			baseConfigurationReference = FBDEF3706A554916390533E3 /* Pods-SwiftTemplate.release.xcconfig */;
			buildSettings = {
				ASSETCATALOG_COMPILER_APPICON_NAME = AppIcon;
				ASSETCATALOG_COMPILER_GLOBAL_ACCENT_COLOR_NAME = AccentColor;
				CODE_SIGN_STYLE = Automatic;
				CURRENT_PROJECT_VERSION = 1;
				DEVELOPMENT_TEAM = 9P6WAX9VN5;
				GENERATE_INFOPLIST_FILE = YES;
				INFOPLIST_FILE = SwiftTemplate/Info.plist;
				INFOPLIST_KEY_UIApplicationSupportsIndirectInputEvents = YES;
				INFOPLIST_KEY_UILaunchStoryboardName = LaunchScreen;
				INFOPLIST_KEY_UIMainStoryboardFile = Main;
				INFOPLIST_KEY_UISupportedInterfaceOrientations_iPad = "UIInterfaceOrientationPortrait UIInterfaceOrientationPortraitUpsideDown UIInterfaceOrientationLandscapeLeft UIInterfaceOrientationLandscapeRight";
				INFOPLIST_KEY_UISupportedInterfaceOrientations_iPhone = "UIInterfaceOrientationPortrait UIInterfaceOrientationLandscapeLeft UIInterfaceOrientationLandscapeRight";
				LD_RUNPATH_SEARCH_PATHS = (
					"$(inherited)",
					"@executable_path/Frameworks",
				);
				MARKETING_VERSION = 1.0;
				PRODUCT_BUNDLE_IDENTIFIER = kr.co.SwiftTemplate;
				PRODUCT_NAME = "$(TARGET_NAME)";
				SWIFT_EMIT_LOC_STRINGS = YES;
				SWIFT_VERSION = 5.0;
				TARGETED_DEVICE_FAMILY = "1,2";
			};
			name = Release;
		};
/* End XCBuildConfiguration section */

/* Begin XCConfigurationList section */
		063F1098280D985F00F7180F /* Build configuration list for PBXProject "SwiftTemplate" */ = {
			isa = XCConfigurationList;
			buildConfigurations = (
				063F10AF280D986000F7180F /* Debug */,
				063F10B0280D986000F7180F /* Release */,
			);
			defaultConfigurationIsVisible = 0;
			defaultConfigurationName = Release;
		};
		063F10B1280D986000F7180F /* Build configuration list for PBXNativeTarget "SwiftTemplate" */ = {
			isa = XCConfigurationList;
			buildConfigurations = (
				063F10B2280D986000F7180F /* Debug */,
				063F10B3280D986000F7180F /* Release */,
			);
			defaultConfigurationIsVisible = 0;
			defaultConfigurationName = Release;
		};
/* End XCConfigurationList section */
	};
	rootObject = 063F1095280D985F00F7180F /* Project object */;
}
