// !$*UTF8*$!
{
	archiveVersion = 1;
	classes = {
	};
	objectVersion = 55;
	objects = {

/* Begin PBXBuildFile section */
		063F10A1280D985F00F7180F /* AppDelegate.swift in Sources */ = {isa = PBXBuildFile; fileRef = 063F10A0280D985F00F7180F /* AppDelegate.swift */; };
		063F10A5280D985F00F7180F /* ViewController.swift in Sources */ = {isa = PBXBuildFile; fileRef = 063F10A4280D985F00F7180F /* ViewController.swift */; };
		063F10A8280D985F00F7180F /* Main.storyboard in Resources */ = {isa = PBXBuildFile; fileRef = 063F10A6280D985F00F7180F /* Main.storyboard */; };
		063F10AA280D986000F7180F /* Assets.xcassets in Resources */ = {isa = PBXBuildFile; fileRef = 063F10A9280D986000F7180F /* Assets.xcassets */; };
		063F10AD280D986000F7180F /* LaunchScreen.storyboard in Resources */ = {isa = PBXBuildFile; fileRef = 063F10AB280D986000F7180F /* LaunchScreen.storyboard */; };
		063F10B7280DA01B00F7180F /* NetworkManager.swift in Sources */ = {isa = PBXBuildFile; fileRef = 063F10B6280DA01B00F7180F /* NetworkManager.swift */; };
		068C46B4280E3E9700BFB767 /* ApiKey.swift in Sources */ = {isa = PBXBuildFile; fileRef = 068C46B3280E3E9700BFB767 /* ApiKey.swift */; };
		068C46B6280E4B9900BFB767 /* EndPoint.swift in Sources */ = {isa = PBXBuildFile; fileRef = 068C46B5280E4B9900BFB767 /* EndPoint.swift */; };
		068C46B8280E4E8000BFB767 /* ApiType.swift in Sources */ = {isa = PBXBuildFile; fileRef = 068C46B7280E4E8000BFB767 /* ApiType.swift */; };
		068C46BA280E520600BFB767 /* Api.swift in Sources */ = {isa = PBXBuildFile; fileRef = 068C46B9280E520600BFB767 /* Api.swift */; };
		068C46BD280E585D00BFB767 /* Movie.swift in Sources */ = {isa = PBXBuildFile; fileRef = 068C46BC280E585D00BFB767 /* Movie.swift */; };
		068C46C1280E880600BFB767 /* ViewModelBindableType.swift in Sources */ = {isa = PBXBuildFile; fileRef = 068C46C0280E880600BFB767 /* ViewModelBindableType.swift */; };
		068C46C3280E8A6D00BFB767 /* CommonViewModel.swift in Sources */ = {isa = PBXBuildFile; fileRef = 068C46C2280E8A6D00BFB767 /* CommonViewModel.swift */; };
		068C46C5280E8B4400BFB767 /* MainViewModel.swift in Sources */ = {isa = PBXBuildFile; fileRef = 068C46C4280E8B4400BFB767 /* MainViewModel.swift */; };
		068C46C7280E8D9400BFB767 /* Scene.swift in Sources */ = {isa = PBXBuildFile; fileRef = 068C46C6280E8D9400BFB767 /* Scene.swift */; };
		068C46C9280E912B00BFB767 /* TransitionModel.swift in Sources */ = {isa = PBXBuildFile; fileRef = 068C46C8280E912B00BFB767 /* TransitionModel.swift */; };
		068C46CB280E917300BFB767 /* SceneCoordinatorType.swift in Sources */ = {isa = PBXBuildFile; fileRef = 068C46CA280E917300BFB767 /* SceneCoordinatorType.swift */; };
		068C46CD280E91EA00BFB767 /* SceneCoordinator.swift in Sources */ = {isa = PBXBuildFile; fileRef = 068C46CC280E91EA00BFB767 /* SceneCoordinator.swift */; };
		96F7A24DEC6250ACECAF19AB /* Pods_SwiftTemplate.framework in Frameworks */ = {isa = PBXBuildFile; fileRef = F6BA0052532D58B639CF3393 /* Pods_SwiftTemplate.framework */; };
/* End PBXBuildFile section */

/* Begin PBXFileReference section */
		063F109D280D985F00F7180F /* SwiftTemplate.app */ = {isa = PBXFileReference; explicitFileType = wrapper.application; includeInIndex = 0; path = SwiftTemplate.app; sourceTree = BUILT_PRODUCTS_DIR; };
		063F10A0280D985F00F7180F /* AppDelegate.swift */ = {isa = PBXFileReference; lastKnownFileType = sourcecode.swift; path = AppDelegate.swift; sourceTree = "<group>"; };
		063F10A4280D985F00F7180F /* ViewController.swift */ = {isa = PBXFileReference; lastKnownFileType = sourcecode.swift; path = ViewController.swift; sourceTree = "<group>"; };
		063F10A7280D985F00F7180F /* Base */ = {isa = PBXFileReference; lastKnownFileType = file.storyboard; name = Base; path = Base.lproj/Main.storyboard; sourceTree = "<group>"; };
		063F10A9280D986000F7180F /* Assets.xcassets */ = {isa = PBXFileReference; lastKnownFileType = folder.assetcatalog; path = Assets.xcassets; sourceTree = "<group>"; };
		063F10AC280D986000F7180F /* Base */ = {isa = PBXFileReference; lastKnownFileType = file.storyboard; name = Base; path = Base.lproj/LaunchScreen.storyboard; sourceTree = "<group>"; };
		063F10AE280D986000F7180F /* Info.plist */ = {isa = PBXFileReference; lastKnownFileType = text.plist.xml; path = Info.plist; sourceTree = "<group>"; };
		063F10B6280DA01B00F7180F /* NetworkManager.swift */ = {isa = PBXFileReference; lastKnownFileType = sourcecode.swift; path = NetworkManager.swift; sourceTree = "<group>"; };
		068C46B3280E3E9700BFB767 /* ApiKey.swift */ = {isa = PBXFileReference; lastKnownFileType = sourcecode.swift; path = ApiKey.swift; sourceTree = "<group>"; };
		068C46B5280E4B9900BFB767 /* EndPoint.swift */ = {isa = PBXFileReference; lastKnownFileType = sourcecode.swift; path = EndPoint.swift; sourceTree = "<group>"; };
		068C46B7280E4E8000BFB767 /* ApiType.swift */ = {isa = PBXFileReference; lastKnownFileType = sourcecode.swift; path = ApiType.swift; sourceTree = "<group>"; };
		068C46B9280E520600BFB767 /* Api.swift */ = {isa = PBXFileReference; lastKnownFileType = sourcecode.swift; path = Api.swift; sourceTree = "<group>"; };
		068C46BC280E585D00BFB767 /* Movie.swift */ = {isa = PBXFileReference; lastKnownFileType = sourcecode.swift; path = Movie.swift; sourceTree = "<group>"; };
		068C46C0280E880600BFB767 /* ViewModelBindableType.swift */ = {isa = PBXFileReference; lastKnownFileType = sourcecode.swift; path = ViewModelBindableType.swift; sourceTree = "<group>"; };
		068C46C2280E8A6D00BFB767 /* CommonViewModel.swift */ = {isa = PBXFileReference; lastKnownFileType = sourcecode.swift; path = CommonViewModel.swift; sourceTree = "<group>"; };
		068C46C4280E8B4400BFB767 /* MainViewModel.swift */ = {isa = PBXFileReference; lastKnownFileType = sourcecode.swift; path = MainViewModel.swift; sourceTree = "<group>"; };
		068C46C6280E8D9400BFB767 /* Scene.swift */ = {isa = PBXFileReference; lastKnownFileType = sourcecode.swift; path = Scene.swift; sourceTree = "<group>"; };
		068C46C8280E912B00BFB767 /* TransitionModel.swift */ = {isa = PBXFileReference; lastKnownFileType = sourcecode.swift; path = TransitionModel.swift; sourceTree = "<group>"; };
		068C46CA280E917300BFB767 /* SceneCoordinatorType.swift */ = {isa = PBXFileReference; lastKnownFileType = sourcecode.swift; path = SceneCoordinatorType.swift; sourceTree = "<group>"; };
		068C46CC280E91EA00BFB767 /* SceneCoordinator.swift */ = {isa = PBXFileReference; lastKnownFileType = sourcecode.swift; path = SceneCoordinator.swift; sourceTree = "<group>"; };
		A4F5590D53FCDB8914899F0E /* Pods-SwiftTemplate.debug.xcconfig */ = {isa = PBXFileReference; includeInIndex = 1; lastKnownFileType = text.xcconfig; name = "Pods-SwiftTemplate.debug.xcconfig"; path = "Target Support Files/Pods-SwiftTemplate/Pods-SwiftTemplate.debug.xcconfig"; sourceTree = "<group>"; };
		F6BA0052532D58B639CF3393 /* Pods_SwiftTemplate.framework */ = {isa = PBXFileReference; explicitFileType = wrapper.framework; includeInIndex = 0; path = Pods_SwiftTemplate.framework; sourceTree = BUILT_PRODUCTS_DIR; };
		FBDEF3706A554916390533E3 /* Pods-SwiftTemplate.release.xcconfig */ = {isa = PBXFileReference; includeInIndex = 1; lastKnownFileType = text.xcconfig; name = "Pods-SwiftTemplate.release.xcconfig"; path = "Target Support Files/Pods-SwiftTemplate/Pods-SwiftTemplate.release.xcconfig"; sourceTree = "<group>"; };
/* End PBXFileReference section */

/* Begin PBXFrameworksBuildPhase section */
		063F109A280D985F00F7180F /* Frameworks */ = {
			isa = PBXFrameworksBuildPhase;
			buildActionMask = 2147483647;
			files = (
				96F7A24DEC6250ACECAF19AB /* Pods_SwiftTemplate.framework in Frameworks */,
			);
			runOnlyForDeploymentPostprocessing = 0;
		};
/* End PBXFrameworksBuildPhase section */

/* Begin PBXGroup section */
		063F1094280D985F00F7180F = {
			isa = PBXGroup;
			children = (
				063F109F280D985F00F7180F /* SwiftTemplate */,
				063F109E280D985F00F7180F /* Products */,
				F1B58B8A8AC15FF06765370E /* Pods */,
				34DAF7D8AADE50623BC9B6A5 /* Frameworks */,
			);
			sourceTree = "<group>";
		};
		063F109E280D985F00F7180F /* Products */ = {
			isa = PBXGroup;
			children = (
				063F109D280D985F00F7180F /* SwiftTemplate.app */,
			);
			name = Products;
			sourceTree = "<group>";
		};
		063F109F280D985F00F7180F /* SwiftTemplate */ = {
			isa = PBXGroup;
			children = (
				068C46BB280E581000BFB767 /* Model */,
				068C46B1280E3A1400BFB767 /* Scene */,
				063F10B5280D9AC200F7180F /* Swift */,
				063F10B4280D9AB800F7180F /* RxSwift */,
				063F10A0280D985F00F7180F /* AppDelegate.swift */,
				063F10A4280D985F00F7180F /* ViewController.swift */,
				063F10A6280D985F00F7180F /* Main.storyboard */,
				063F10A9280D986000F7180F /* Assets.xcassets */,
				063F10AB280D986000F7180F /* LaunchScreen.storyboard */,
				063F10AE280D986000F7180F /* Info.plist */,
			);
			path = SwiftTemplate;
			sourceTree = "<group>";
		};
		063F10B4280D9AB800F7180F /* RxSwift */ = {
			isa = PBXGroup;
			children = (
				068C46BF280E874F00BFB767 /* View */,
				068C46BE280E845100BFB767 /* ViewModel */,
				068C46B2280E3A4500BFB767 /* Service */,
				063F10B6280DA01B00F7180F /* NetworkManager.swift */,
			);
			path = RxSwift;
			sourceTree = "<group>";
		};
		063F10B5280D9AC200F7180F /* Swift */ = {
			isa = PBXGroup;
			children = (
			);
			path = Swift;
			sourceTree = "<group>";
		};
		068C46B1280E3A1400BFB767 /* Scene */ = {
			isa = PBXGroup;
			children = (
				068C46C6280E8D9400BFB767 /* Scene.swift */,
				068C46C8280E912B00BFB767 /* TransitionModel.swift */,
				068C46CA280E917300BFB767 /* SceneCoordinatorType.swift */,
				068C46CC280E91EA00BFB767 /* SceneCoordinator.swift */,
			);
			path = Scene;
			sourceTree = "<group>";
		};
		068C46B2280E3A4500BFB767 /* Service */ = {
			isa = PBXGroup;
			children = (
				068C46B3280E3E9700BFB767 /* ApiKey.swift */,
				068C46B5280E4B9900BFB767 /* EndPoint.swift */,
				068C46B7280E4E8000BFB767 /* ApiType.swift */,
				068C46B9280E520600BFB767 /* Api.swift */,
			);
			path = Service;
			sourceTree = "<group>";
		};
		068C46BB280E581000BFB767 /* Model */ = {
			isa = PBXGroup;
			children = (
				068C46BC280E585D00BFB767 /* Movie.swift */,
			);
			path = Model;
			sourceTree = "<group>";
		};
		068C46BE280E845100BFB767 /* ViewModel */ = {
			isa = PBXGroup;
			children = (
				068C46C2280E8A6D00BFB767 /* CommonViewModel.swift */,
				068C46C4280E8B4400BFB767 /* MainViewModel.swift */,
			);
			path = ViewModel;
			sourceTree = "<group>";
		};
		068C46BF280E874F00BFB767 /* View */ = {
			isa = PBXGroup;
			children = (
				068C46C0280E880600BFB767 /* ViewModelBindableType.swift */,
			);
			path = View;
			sourceTree = "<group>";
		};
		34DAF7D8AADE50623BC9B6A5 /* Frameworks */ = {
			isa = PBXGroup;
			children = (
				F6BA0052532D58B639CF3393 /* Pods_SwiftTemplate.framework */,
			);
			name = Frameworks;
			sourceTree = "<group>";
		};
		F1B58B8A8AC15FF06765370E /* Pods */ = {
			isa = PBXGroup;
			children = (
				A4F5590D53FCDB8914899F0E /* Pods-SwiftTemplate.debug.xcconfig */,
				FBDEF3706A554916390533E3 /* Pods-SwiftTemplate.release.xcconfig */,
			);
			path = Pods;
			sourceTree = "<group>";
		};
/* End PBXGroup section */

/* Begin PBXNativeTarget section */
		063F109C280D985F00F7180F /* SwiftTemplate */ = {
			isa = PBXNativeTarget;
			buildConfigurationList = 063F10B1280D986000F7180F /* Build configuration list for PBXNativeTarget "SwiftTemplate" */;
			buildPhases = (
				04325A087F45C9A22CAC7F6C /* [CP] Check Pods Manifest.lock */,
				063F1099280D985F00F7180F /* Sources */,
				063F109A280D985F00F7180F /* Frameworks */,
				063F109B280D985F00F7180F /* Resources */,
				9D8EE9AE69ABC3BE91BC827E /* [CP] Embed Pods Frameworks */,
			);
			buildRules = (
			);
			dependencies = (
			);
			name = SwiftTemplate;
			productName = SwiftTemplate;
			productReference = 063F109D280D985F00F7180F /* SwiftTemplate.app */;
			productType = "com.apple.product-type.application";
		};
/* End PBXNativeTarget section */

/* Begin PBXProject section */
		063F1095280D985F00F7180F /* Project object */ = {
			isa = PBXProject;
			attributes = {
				BuildIndependentTargetsInParallel = 1;
				LastSwiftUpdateCheck = 1320;
				LastUpgradeCheck = 1320;
				TargetAttributes = {
					063F109C280D985F00F7180F = {
						CreatedOnToolsVersion = 13.2;
					};
				};
			};
			buildConfigurationList = 063F1098280D985F00F7180F /* Build configuration list for PBXProject "SwiftTemplate" */;
			compatibilityVersion = "Xcode 13.0";
			developmentRegion = en;
			hasScannedForEncodings = 0;
			knownRegions = (
				en,
				Base,
			);
			mainGroup = 063F1094280D985F00F7180F;
			productRefGroup = 063F109E280D985F00F7180F /* Products */;
			projectDirPath = "";
			projectRoot = "";
			targets = (
				063F109C280D985F00F7180F /* SwiftTemplate */,
			);
		};
/* End PBXProject section */

/* Begin PBXResourcesBuildPhase section */
		063F109B280D985F00F7180F /* Resources */ = {
			isa = PBXResourcesBuildPhase;
			buildActionMask = 2147483647;
			files = (
				063F10AD280D986000F7180F /* LaunchScreen.storyboard in Resources */,
				063F10AA280D986000F7180F /* Assets.xcassets in Resources */,
				063F10A8280D985F00F7180F /* Main.storyboard in Resources */,
			);
			runOnlyForDeploymentPostprocessing = 0;
		};
/* End PBXResourcesBuildPhase section */

/* Begin PBXShellScriptBuildPhase section */
		04325A087F45C9A22CAC7F6C /* [CP] Check Pods Manifest.lock */ = {
			isa = PBXShellScriptBuildPhase;
			buildActionMask = 2147483647;
			files = (
			);
			inputFileListPaths = (
			);
			inputPaths = (
				"${PODS_PODFILE_DIR_PATH}/Podfile.lock",
				"${PODS_ROOT}/Manifest.lock",
			);
			name = "[CP] Check Pods Manifest.lock";
			outputFileListPaths = (
			);
			outputPaths = (
				"$(DERIVED_FILE_DIR)/Pods-SwiftTemplate-checkManifestLockResult.txt",
			);
			runOnlyForDeploymentPostprocessing = 0;
			shellPath = /bin/sh;
			shellScript = "diff \"${PODS_PODFILE_DIR_PATH}/Podfile.lock\" \"${PODS_ROOT}/Manifest.lock\" > /dev/null\nif [ $? != 0 ] ; then\n    # print error to STDERR\n    echo \"error: The sandbox is not in sync with the Podfile.lock. Run 'pod install' or update your CocoaPods installation.\" >&2\n    exit 1\nfi\n# This output is used by Xcode 'outputs' to avoid re-running this script phase.\necho \"SUCCESS\" > \"${SCRIPT_OUTPUT_FILE_0}\"\n";
			showEnvVarsInLog = 0;
		};
		9D8EE9AE69ABC3BE91BC827E /* [CP] Embed Pods Frameworks */ = {
			isa = PBXShellScriptBuildPhase;
			buildActionMask = 2147483647;
			files = (
			);
			inputFileListPaths = (
				"${PODS_ROOT}/Target Support Files/Pods-SwiftTemplate/Pods-SwiftTemplate-frameworks-${CONFIGURATION}-input-files.xcfilelist",
			);
			name = "[CP] Embed Pods Frameworks";
			outputFileListPaths = (
				"${PODS_ROOT}/Target Support Files/Pods-SwiftTemplate/Pods-SwiftTemplate-frameworks-${CONFIGURATION}-output-files.xcfilelist",
			);
			runOnlyForDeploymentPostprocessing = 0;
			shellPath = /bin/sh;
			shellScript = "\"${PODS_ROOT}/Target Support Files/Pods-SwiftTemplate/Pods-SwiftTemplate-frameworks.sh\"\n";
			showEnvVarsInLog = 0;
		};
/* End PBXShellScriptBuildPhase section */

/* Begin PBXSourcesBuildPhase section */
		063F1099280D985F00F7180F /* Sources */ = {
			isa = PBXSourcesBuildPhase;
			buildActionMask = 2147483647;
			files = (
				068C46B8280E4E8000BFB767 /* ApiType.swift in Sources */,
				068C46CB280E917300BFB767 /* SceneCoordinatorType.swift in Sources */,
				068C46C9280E912B00BFB767 /* TransitionModel.swift in Sources */,
				063F10B7280DA01B00F7180F /* NetworkManager.swift in Sources */,
				063F10A5280D985F00F7180F /* ViewController.swift in Sources */,
				068C46C1280E880600BFB767 /* ViewModelBindableType.swift in Sources */,
				068C46CD280E91EA00BFB767 /* SceneCoordinator.swift in Sources */,
				068C46B6280E4B9900BFB767 /* EndPoint.swift in Sources */,
				068C46B4280E3E9700BFB767 /* ApiKey.swift in Sources */,
				068C46BA280E520600BFB767 /* Api.swift in Sources */,
				068C46BD280E585D00BFB767 /* Movie.swift in Sources */,
				068C46C7280E8D9400BFB767 /* Scene.swift in Sources */,
				063F10A1280D985F00F7180F /* AppDelegate.swift in Sources */,
				068C46C3280E8A6D00BFB767 /* CommonViewModel.swift in Sources */,
				068C46C5280E8B4400BFB767 /* MainViewModel.swift in Sources */,
			);
			runOnlyForDeploymentPostprocessing = 0;
		};
/* End PBXSourcesBuildPhase section */

/* Begin PBXVariantGroup section */
		063F10A6280D985F00F7180F /* Main.storyboard */ = {
			isa = PBXVariantGroup;
			children = (
				063F10A7280D985F00F7180F /* Base */,
			);
			name = Main.storyboard;
			sourceTree = "<group>";
		};
		063F10AB280D986000F7180F /* LaunchScreen.storyboard */ = {
			isa = PBXVariantGroup;
			children = (
				063F10AC280D986000F7180F /* Base */,
			);
			name = LaunchScreen.storyboard;
			sourceTree = "<group>";
		};
/* End PBXVariantGroup section */

/* Begin XCBuildConfiguration section */
		063F10AF280D986000F7180F /* Debug */ = {
			isa = XCBuildConfiguration;
			buildSettings = {
				ALWAYS_SEARCH_USER_PATHS = NO;
				CLANG_ANALYZER_NONNULL = YES;
				CLANG_ANALYZER_NUMBER_OBJECT_CONVERSION = YES_AGGRESSIVE;
				CLANG_CXX_LANGUAGE_STANDARD = "gnu++17";
				CLANG_CXX_LIBRARY = "libc++";
				CLANG_ENABLE_MODULES = YES;
				CLANG_ENABLE_OBJC_ARC = YES;
				CLANG_ENABLE_OBJC_WEAK = YES;
				CLANG_WARN_BLOCK_CAPTURE_AUTORELEASING = YES;
				CLANG_WARN_BOOL_CONVERSION = YES;
				CLANG_WARN_COMMA = YES;
				CLANG_WARN_CONSTANT_CONVERSION = YES;
				CLANG_WARN_DEPRECATED_OBJC_IMPLEMENTATIONS = YES;
				CLANG_WARN_DIRECT_OBJC_ISA_USAGE = YES_ERROR;
				CLANG_WARN_DOCUMENTATION_COMMENTS = YES;
				CLANG_WARN_EMPTY_BODY = YES;
				CLANG_WARN_ENUM_CONVERSION = YES;
				CLANG_WARN_INFINITE_RECURSION = YES;
				CLANG_WARN_INT_CONVERSION = YES;
				CLANG_WARN_NON_LITERAL_NULL_CONVERSION = YES;
				CLANG_WARN_OBJC_IMPLICIT_RETAIN_SELF = YES;
				CLANG_WARN_OBJC_LITERAL_CONVERSION = YES;
				CLANG_WARN_OBJC_ROOT_CLASS = YES_ERROR;
				CLANG_WARN_QUOTED_INCLUDE_IN_FRAMEWORK_HEADER = YES;
				CLANG_WARN_RANGE_LOOP_ANALYSIS = YES;
				CLANG_WARN_STRICT_PROTOTYPES = YES;
				CLANG_WARN_SUSPICIOUS_MOVE = YES;
				CLANG_WARN_UNGUARDED_AVAILABILITY = YES_AGGRESSIVE;
				CLANG_WARN_UNREACHABLE_CODE = YES;
				CLANG_WARN__DUPLICATE_METHOD_MATCH = YES;
				COPY_PHASE_STRIP = NO;
				DEBUG_INFORMATION_FORMAT = dwarf;
				ENABLE_STRICT_OBJC_MSGSEND = YES;
				ENABLE_TESTABILITY = YES;
				GCC_C_LANGUAGE_STANDARD = gnu11;
				GCC_DYNAMIC_NO_PIC = NO;
				GCC_NO_COMMON_BLOCKS = YES;
				GCC_OPTIMIZATION_LEVEL = 0;
				GCC_PREPROCESSOR_DEFINITIONS = (
					"DEBUG=1",
					"$(inherited)",
				);
				GCC_WARN_64_TO_32_BIT_CONVERSION = YES;
				GCC_WARN_ABOUT_RETURN_TYPE = YES_ERROR;
				GCC_WARN_UNDECLARED_SELECTOR = YES;
				GCC_WARN_UNINITIALIZED_AUTOS = YES_AGGRESSIVE;
				GCC_WARN_UNUSED_FUNCTION = YES;
				GCC_WARN_UNUSED_VARIABLE = YES;
				IPHONEOS_DEPLOYMENT_TARGET = 13.0;
				MTL_ENABLE_DEBUG_INFO = INCLUDE_SOURCE;
				MTL_FAST_MATH = YES;
				ONLY_ACTIVE_ARCH = YES;
				SDKROOT = iphoneos;
				SWIFT_ACTIVE_COMPILATION_CONDITIONS = DEBUG;
				SWIFT_OPTIMIZATION_LEVEL = "-Onone";
			};
			name = Debug;
		};
		063F10B0280D986000F7180F /* Release */ = {
			isa = XCBuildConfiguration;
			buildSettings = {
				ALWAYS_SEARCH_USER_PATHS = NO;
				CLANG_ANALYZER_NONNULL = YES;
				CLANG_ANALYZER_NUMBER_OBJECT_CONVERSION = YES_AGGRESSIVE;
				CLANG_CXX_LANGUAGE_STANDARD = "gnu++17";
				CLANG_CXX_LIBRARY = "libc++";
				CLANG_ENABLE_MODULES = YES;
				CLANG_ENABLE_OBJC_ARC = YES;
				CLANG_ENABLE_OBJC_WEAK = YES;
				CLANG_WARN_BLOCK_CAPTURE_AUTORELEASING = YES;
				CLANG_WARN_BOOL_CONVERSION = YES;
				CLANG_WARN_COMMA = YES;
				CLANG_WARN_CONSTANT_CONVERSION = YES;
				CLANG_WARN_DEPRECATED_OBJC_IMPLEMENTATIONS = YES;
				CLANG_WARN_DIRECT_OBJC_ISA_USAGE = YES_ERROR;
				CLANG_WARN_DOCUMENTATION_COMMENTS = YES;
				CLANG_WARN_EMPTY_BODY = YES;
				CLANG_WARN_ENUM_CONVERSION = YES;
				CLANG_WARN_INFINITE_RECURSION = YES;
				CLANG_WARN_INT_CONVERSION = YES;
				CLANG_WARN_NON_LITERAL_NULL_CONVERSION = YES;
				CLANG_WARN_OBJC_IMPLICIT_RETAIN_SELF = YES;
				CLANG_WARN_OBJC_LITERAL_CONVERSION = YES;
				CLANG_WARN_OBJC_ROOT_CLASS = YES_ERROR;
				CLANG_WARN_QUOTED_INCLUDE_IN_FRAMEWORK_HEADER = YES;
				CLANG_WARN_RANGE_LOOP_ANALYSIS = YES;
				CLANG_WARN_STRICT_PROTOTYPES = YES;
				CLANG_WARN_SUSPICIOUS_MOVE = YES;
				CLANG_WARN_UNGUARDED_AVAILABILITY = YES_AGGRESSIVE;
				CLANG_WARN_UNREACHABLE_CODE = YES;
				CLANG_WARN__DUPLICATE_METHOD_MATCH = YES;
				COPY_PHASE_STRIP = NO;
				DEBUG_INFORMATION_FORMAT = "dwarf-with-dsym";
				ENABLE_NS_ASSERTIONS = NO;
				ENABLE_STRICT_OBJC_MSGSEND = YES;
				GCC_C_LANGUAGE_STANDARD = gnu11;
				GCC_NO_COMMON_BLOCKS = YES;
				GCC_WARN_64_TO_32_BIT_CONVERSION = YES;
				GCC_WARN_ABOUT_RETURN_TYPE = YES_ERROR;
				GCC_WARN_UNDECLARED_SELECTOR = YES;
				GCC_WARN_UNINITIALIZED_AUTOS = YES_AGGRESSIVE;
				GCC_WARN_UNUSED_FUNCTION = YES;
				GCC_WARN_UNUSED_VARIABLE = YES;
				IPHONEOS_DEPLOYMENT_TARGET = 13.0;
				MTL_ENABLE_DEBUG_INFO = NO;
				MTL_FAST_MATH = YES;
				SDKROOT = iphoneos;
				SWIFT_COMPILATION_MODE = wholemodule;
				SWIFT_OPTIMIZATION_LEVEL = "-O";
				VALIDATE_PRODUCT = YES;
			};
			name = Release;
		};
		063F10B2280D986000F7180F /* Debug */ = {
			isa = XCBuildConfiguration;
			baseConfigurationReference = A4F5590D53FCDB8914899F0E /* Pods-SwiftTemplate.debug.xcconfig */;
			buildSettings = {
				ASSETCATALOG_COMPILER_APPICON_NAME = AppIcon;
				ASSETCATALOG_COMPILER_GLOBAL_ACCENT_COLOR_NAME = AccentColor;
				CODE_SIGN_STYLE = Automatic;
				CURRENT_PROJECT_VERSION = 1;
				DEVELOPMENT_TEAM = 9P6WAX9VN5;
				GENERATE_INFOPLIST_FILE = YES;
				INFOPLIST_FILE = SwiftTemplate/Info.plist;
				INFOPLIST_KEY_UIApplicationSupportsIndirectInputEvents = YES;
				INFOPLIST_KEY_UILaunchStoryboardName = LaunchScreen;
				INFOPLIST_KEY_UIMainStoryboardFile = Main;
				INFOPLIST_KEY_UISupportedInterfaceOrientations_iPad = "UIInterfaceOrientationPortrait UIInterfaceOrientationPortraitUpsideDown UIInterfaceOrientationLandscapeLeft UIInterfaceOrientationLandscapeRight";
				INFOPLIST_KEY_UISupportedInterfaceOrientations_iPhone = "UIInterfaceOrientationPortrait UIInterfaceOrientationLandscapeLeft UIInterfaceOrientationLandscapeRight";
				LD_RUNPATH_SEARCH_PATHS = (
					"$(inherited)",
					"@executable_path/Frameworks",
				);
				MARKETING_VERSION = 1.0;
				PRODUCT_BUNDLE_IDENTIFIER = kr.co.SwiftTemplate;
				PRODUCT_NAME = "$(TARGET_NAME)";
				SWIFT_EMIT_LOC_STRINGS = YES;
				SWIFT_VERSION = 5.0;
				TARGETED_DEVICE_FAMILY = "1,2";
			};
			name = Debug;
		};
		063F10B3280D986000F7180F /* Release */ = {
			isa = XCBuildConfiguration;
			baseConfigurationReference = FBDEF3706A554916390533E3 /* Pods-SwiftTemplate.release.xcconfig */;
			buildSettings = {
				ASSETCATALOG_COMPILER_APPICON_NAME = AppIcon;
				ASSETCATALOG_COMPILER_GLOBAL_ACCENT_COLOR_NAME = AccentColor;
				CODE_SIGN_STYLE = Automatic;
				CURRENT_PROJECT_VERSION = 1;
				DEVELOPMENT_TEAM = 9P6WAX9VN5;
				GENERATE_INFOPLIST_FILE = YES;
				INFOPLIST_FILE = SwiftTemplate/Info.plist;
				INFOPLIST_KEY_UIApplicationSupportsIndirectInputEvents = YES;
				INFOPLIST_KEY_UILaunchStoryboardName = LaunchScreen;
				INFOPLIST_KEY_UIMainStoryboardFile = Main;
				INFOPLIST_KEY_UISupportedInterfaceOrientations_iPad = "UIInterfaceOrientationPortrait UIInterfaceOrientationPortraitUpsideDown UIInterfaceOrientationLandscapeLeft UIInterfaceOrientationLandscapeRight";
				INFOPLIST_KEY_UISupportedInterfaceOrientations_iPhone = "UIInterfaceOrientationPortrait UIInterfaceOrientationLandscapeLeft UIInterfaceOrientationLandscapeRight";
				LD_RUNPATH_SEARCH_PATHS = (
					"$(inherited)",
					"@executable_path/Frameworks",
				);
				MARKETING_VERSION = 1.0;
				PRODUCT_BUNDLE_IDENTIFIER = kr.co.SwiftTemplate;
				PRODUCT_NAME = "$(TARGET_NAME)";
				SWIFT_EMIT_LOC_STRINGS = YES;
				SWIFT_VERSION = 5.0;
				TARGETED_DEVICE_FAMILY = "1,2";
			};
			name = Release;
		};
/* End XCBuildConfiguration section */

/* Begin XCConfigurationList section */
		063F1098280D985F00F7180F /* Build configuration list for PBXProject "SwiftTemplate" */ = {
			isa = XCConfigurationList;
			buildConfigurations = (
				063F10AF280D986000F7180F /* Debug */,
				063F10B0280D986000F7180F /* Release */,
			);
			defaultConfigurationIsVisible = 0;
			defaultConfigurationName = Release;
		};
		063F10B1280D986000F7180F /* Build configuration list for PBXNativeTarget "SwiftTemplate" */ = {
			isa = XCConfigurationList;
			buildConfigurations = (
				063F10B2280D986000F7180F /* Debug */,
				063F10B3280D986000F7180F /* Release */,
			);
			defaultConfigurationIsVisible = 0;
			defaultConfigurationName = Release;
		};
/* End XCConfigurationList section */
	};
	rootObject = 063F1095280D985F00F7180F /* Project object */;
}
